// !$*UTF8*$!
{
	archiveVersion = 1;
	classes = {
	};
	objectVersion = 46;
	objects = {

/* Begin PBXBuildFile section */
		352219891BD63B0100DF0FFF /* IssueViewController.m in Sources */ = {isa = PBXBuildFile; fileRef = 352219881BD63B0100DF0FFF /* IssueViewController.m */; };
		353658601BE37FA40027CCFB /* CongressTopThreeViewController.m in Sources */ = {isa = PBXBuildFile; fileRef = 3536585F1BE37FA40027CCFB /* CongressTopThreeViewController.m */; };
		353658631BE37FF90027CCFB /* TopThreeListTableViewController.m in Sources */ = {isa = PBXBuildFile; fileRef = 353658621BE37FF90027CCFB /* TopThreeListTableViewController.m */; };
		35BC54C91BCFC69D00632657 /* LegisCategoryTableViewController.m in Sources */ = {isa = PBXBuildFile; fileRef = 35BC54C81BCFC69D00632657 /* LegisCategoryTableViewController.m */; };
		35BC54CC1BCFC72000632657 /* VotingPageViewController.m in Sources */ = {isa = PBXBuildFile; fileRef = 35BC54CB1BCFC72000632657 /* VotingPageViewController.m */; };
		35CB75BA1BE4BC3B00AA29A0 /* XYPieChart.m in Sources */ = {isa = PBXBuildFile; fileRef = 35CB75B91BE4BC3B00AA29A0 /* XYPieChart.m */; };
		35CB75BC1BE4CC7100AA29A0 /* QuartzCore.framework in Frameworks */ = {isa = PBXBuildFile; fileRef = 35CB75BB1BE4CC7100AA29A0 /* QuartzCore.framework */; };
		35E07A141BE218D1001880FC /* IssueTableViewController.m in Sources */ = {isa = PBXBuildFile; fileRef = 35E07A131BE218D1001880FC /* IssueTableViewController.m */; };
		35E07A171BE239F7001880FC /* IssueTableViewCell.m in Sources */ = {isa = PBXBuildFile; fileRef = 35E07A161BE239F7001880FC /* IssueTableViewCell.m */; };
		35FFD6431BDF5CA6006B56CA /* FirstQuestionViewController.m in Sources */ = {isa = PBXBuildFile; fileRef = 35FFD6421BDF5CA6006B56CA /* FirstQuestionViewController.m */; };
		35FFD6461BDF6A01006B56CA /* PartyTableViewController.m in Sources */ = {isa = PBXBuildFile; fileRef = 35FFD6451BDF6A01006B56CA /* PartyTableViewController.m */; };
		35FFD6491BDF6A1E006B56CA /* CongressmanTableViewController.m in Sources */ = {isa = PBXBuildFile; fileRef = 35FFD6481BDF6A1E006B56CA /* CongressmanTableViewController.m */; };
		DE26BE8D1BD8B6690088BE5F /* LegisTableViewController.m in Sources */ = {isa = PBXBuildFile; fileRef = DE26BE8C1BD8B6690088BE5F /* LegisTableViewController.m */; };
		DE26BE911BD8BC9A0088BE5F /* LegisFollowTableViewCell.m in Sources */ = {isa = PBXBuildFile; fileRef = DE26BE8F1BD8BC9A0088BE5F /* LegisFollowTableViewCell.m */; };
		DE26BE921BD8BC9A0088BE5F /* LegisFollowTableViewCell.xib in Resources */ = {isa = PBXBuildFile; fileRef = DE26BE901BD8BC9A0088BE5F /* LegisFollowTableViewCell.xib */; };
		DE3E13EA1BDF62B0007BEFD8 /* MoreTableViewController.m in Sources */ = {isa = PBXBuildFile; fileRef = DE3E13E91BDF62B0007BEFD8 /* MoreTableViewController.m */; };
		DE3E13ED1BDFC831007BEFD8 /* UserNameViewController.m in Sources */ = {isa = PBXBuildFile; fileRef = DE3E13EC1BDFC831007BEFD8 /* UserNameViewController.m */; };
		DE40F05F1BE885410009D773 /* LegisData.m in Sources */ = {isa = PBXBuildFile; fileRef = DE40F05E1BE885410009D773 /* LegisData.m */; };
		DE40F0621BE90C5D0009D773 /* ContactUsViewController.m in Sources */ = {isa = PBXBuildFile; fileRef = DE40F0611BE90C5D0009D773 /* ContactUsViewController.m */; };
		DE7D5D881BD617BA00D993F5 /* VoteTableViewCell.m in Sources */ = {isa = PBXBuildFile; fileRef = DE7D5D861BD617BA00D993F5 /* VoteTableViewCell.m */; };
		DE7D5D891BD617BA00D993F5 /* VoteTableViewCell.xib in Resources */ = {isa = PBXBuildFile; fileRef = DE7D5D871BD617BA00D993F5 /* VoteTableViewCell.xib */; };
		DE98F4961BD0D4B400B4EC9E /* LoginViewController.m in Sources */ = {isa = PBXBuildFile; fileRef = DE98F4951BD0D4B400B4EC9E /* LoginViewController.m */; };
		DE98F4991BD0DD2800B4EC9E /* LoginInfo.m in Sources */ = {isa = PBXBuildFile; fileRef = DE98F4981BD0DD2800B4EC9E /* LoginInfo.m */; };
		DE98F49F1BD0F7F500B4EC9E /* TabViewController.m in Sources */ = {isa = PBXBuildFile; fileRef = DE98F49E1BD0F7F500B4EC9E /* TabViewController.m */; };
		DEB61A641BE0C4A2001F1826 /* PushTableViewController.m in Sources */ = {isa = PBXBuildFile; fileRef = DEB61A631BE0C4A1001F1826 /* PushTableViewController.m */; };
		DED7858F1BE25D0F00875C99 /* SimilarTableViewCell.m in Sources */ = {isa = PBXBuildFile; fileRef = DED7858D1BE25D0F00875C99 /* SimilarTableViewCell.m */; };
		DED785901BE25D0F00875C99 /* SimilarTableViewCell.xib in Resources */ = {isa = PBXBuildFile; fileRef = DED7858E1BE25D0F00875C99 /* SimilarTableViewCell.xib */; };
		DEEA47801BCF78DC00B66015 /* main.m in Sources */ = {isa = PBXBuildFile; fileRef = DEEA477F1BCF78DC00B66015 /* main.m */; };
		DEEA47831BCF78DC00B66015 /* AppDelegate.m in Sources */ = {isa = PBXBuildFile; fileRef = DEEA47821BCF78DC00B66015 /* AppDelegate.m */; };
		DEEA47861BCF78DC00B66015 /* ViewController.m in Sources */ = {isa = PBXBuildFile; fileRef = DEEA47851BCF78DC00B66015 /* ViewController.m */; };
		DEEA47891BCF78DC00B66015 /* Main.storyboard in Resources */ = {isa = PBXBuildFile; fileRef = DEEA47871BCF78DC00B66015 /* Main.storyboard */; };
		DEEA478C1BCF78DC00B66015 /* FinalProject.xcdatamodeld in Sources */ = {isa = PBXBuildFile; fileRef = DEEA478A1BCF78DC00B66015 /* FinalProject.xcdatamodeld */; };
		DEEA478E1BCF78DC00B66015 /* Assets.xcassets in Resources */ = {isa = PBXBuildFile; fileRef = DEEA478D1BCF78DC00B66015 /* Assets.xcassets */; };
		DEEA47911BCF78DC00B66015 /* LaunchScreen.storyboard in Resources */ = {isa = PBXBuildFile; fileRef = DEEA478F1BCF78DC00B66015 /* LaunchScreen.storyboard */; };
		DEEA479A1BCFA4AD00B66015 /* PersonViewController.m in Sources */ = {isa = PBXBuildFile; fileRef = DEEA47991BCFA4AD00B66015 /* PersonViewController.m */; };
		DEEA479D1BCFD8A100B66015 /* VoteTableViewController.m in Sources */ = {isa = PBXBuildFile; fileRef = DEEA479C1BCFD8A100B66015 /* VoteTableViewController.m */; };
		E3BB4E4BE401B160684D4AC5 /* libPods.a in Frameworks */ = {isa = PBXBuildFile; fileRef = 692FF9D029172DB0FB183D6B /* libPods.a */; };
/* End PBXBuildFile section */

/* Begin PBXFileReference section */
		352219871BD63B0100DF0FFF /* IssueViewController.h */ = {isa = PBXFileReference; fileEncoding = 4; lastKnownFileType = sourcecode.c.h; name = IssueViewController.h; path = FinalProject/IssueViewController.h; sourceTree = "<group>"; };
		352219881BD63B0100DF0FFF /* IssueViewController.m */ = {isa = PBXFileReference; fileEncoding = 4; lastKnownFileType = sourcecode.c.objc; name = IssueViewController.m; path = FinalProject/IssueViewController.m; sourceTree = "<group>"; };
		3536585E1BE37FA40027CCFB /* CongressTopThreeViewController.h */ = {isa = PBXFileReference; fileEncoding = 4; lastKnownFileType = sourcecode.c.h; path = CongressTopThreeViewController.h; sourceTree = "<group>"; };
		3536585F1BE37FA40027CCFB /* CongressTopThreeViewController.m */ = {isa = PBXFileReference; fileEncoding = 4; lastKnownFileType = sourcecode.c.objc; path = CongressTopThreeViewController.m; sourceTree = "<group>"; };
		353658611BE37FF90027CCFB /* TopThreeListTableViewController.h */ = {isa = PBXFileReference; fileEncoding = 4; lastKnownFileType = sourcecode.c.h; path = TopThreeListTableViewController.h; sourceTree = "<group>"; };
		353658621BE37FF90027CCFB /* TopThreeListTableViewController.m */ = {isa = PBXFileReference; fileEncoding = 4; lastKnownFileType = sourcecode.c.objc; path = TopThreeListTableViewController.m; sourceTree = "<group>"; };
		35BC54C71BCFC69D00632657 /* LegisCategoryTableViewController.h */ = {isa = PBXFileReference; fileEncoding = 4; lastKnownFileType = sourcecode.c.h; path = LegisCategoryTableViewController.h; sourceTree = "<group>"; };
		35BC54C81BCFC69D00632657 /* LegisCategoryTableViewController.m */ = {isa = PBXFileReference; fileEncoding = 4; lastKnownFileType = sourcecode.c.objc; path = LegisCategoryTableViewController.m; sourceTree = "<group>"; };
		35BC54CA1BCFC72000632657 /* VotingPageViewController.h */ = {isa = PBXFileReference; fileEncoding = 4; lastKnownFileType = sourcecode.c.h; name = VotingPageViewController.h; path = FinalProject/VotingPageViewController.h; sourceTree = "<group>"; };
		35BC54CB1BCFC72000632657 /* VotingPageViewController.m */ = {isa = PBXFileReference; fileEncoding = 4; lastKnownFileType = sourcecode.c.objc; name = VotingPageViewController.m; path = FinalProject/VotingPageViewController.m; sourceTree = "<group>"; };
		35CB75B81BE4BC3B00AA29A0 /* XYPieChart.h */ = {isa = PBXFileReference; fileEncoding = 4; lastKnownFileType = sourcecode.c.h; path = XYPieChart.h; sourceTree = "<group>"; };
		35CB75B91BE4BC3B00AA29A0 /* XYPieChart.m */ = {isa = PBXFileReference; fileEncoding = 4; lastKnownFileType = sourcecode.c.objc; path = XYPieChart.m; sourceTree = "<group>"; };
		35CB75BB1BE4CC7100AA29A0 /* QuartzCore.framework */ = {isa = PBXFileReference; lastKnownFileType = wrapper.framework; name = QuartzCore.framework; path = System/Library/Frameworks/QuartzCore.framework; sourceTree = SDKROOT; };
		35E07A121BE218D1001880FC /* IssueTableViewController.h */ = {isa = PBXFileReference; fileEncoding = 4; lastKnownFileType = sourcecode.c.h; path = IssueTableViewController.h; sourceTree = "<group>"; };
		35E07A131BE218D1001880FC /* IssueTableViewController.m */ = {isa = PBXFileReference; fileEncoding = 4; lastKnownFileType = sourcecode.c.objc; path = IssueTableViewController.m; sourceTree = "<group>"; };
		35E07A151BE239F7001880FC /* IssueTableViewCell.h */ = {isa = PBXFileReference; fileEncoding = 4; lastKnownFileType = sourcecode.c.h; path = IssueTableViewCell.h; sourceTree = "<group>"; };
		35E07A161BE239F7001880FC /* IssueTableViewCell.m */ = {isa = PBXFileReference; fileEncoding = 4; lastKnownFileType = sourcecode.c.objc; path = IssueTableViewCell.m; sourceTree = "<group>"; };
		35E07A1E1BE2648F001880FC /* config.h */ = {isa = PBXFileReference; lastKnownFileType = sourcecode.c.h; path = config.h; sourceTree = "<group>"; };
		35FFD6411BDF5CA6006B56CA /* FirstQuestionViewController.h */ = {isa = PBXFileReference; fileEncoding = 4; lastKnownFileType = sourcecode.c.h; name = FirstQuestionViewController.h; path = FinalProject/FirstQuestionViewController.h; sourceTree = "<group>"; };
		35FFD6421BDF5CA6006B56CA /* FirstQuestionViewController.m */ = {isa = PBXFileReference; fileEncoding = 4; lastKnownFileType = sourcecode.c.objc; name = FirstQuestionViewController.m; path = FinalProject/FirstQuestionViewController.m; sourceTree = "<group>"; };
		35FFD6441BDF6A01006B56CA /* PartyTableViewController.h */ = {isa = PBXFileReference; fileEncoding = 4; lastKnownFileType = sourcecode.c.h; name = PartyTableViewController.h; path = FinalProject/PartyTableViewController.h; sourceTree = "<group>"; };
		35FFD6451BDF6A01006B56CA /* PartyTableViewController.m */ = {isa = PBXFileReference; fileEncoding = 4; lastKnownFileType = sourcecode.c.objc; name = PartyTableViewController.m; path = FinalProject/PartyTableViewController.m; sourceTree = "<group>"; };
		35FFD6471BDF6A1E006B56CA /* CongressmanTableViewController.h */ = {isa = PBXFileReference; fileEncoding = 4; lastKnownFileType = sourcecode.c.h; name = CongressmanTableViewController.h; path = FinalProject/CongressmanTableViewController.h; sourceTree = "<group>"; };
		35FFD6481BDF6A1E006B56CA /* CongressmanTableViewController.m */ = {isa = PBXFileReference; fileEncoding = 4; lastKnownFileType = sourcecode.c.objc; name = CongressmanTableViewController.m; path = FinalProject/CongressmanTableViewController.m; sourceTree = "<group>"; };
		3C2A27A6693DE7C7E2EE76B5 /* Pods.debug.xcconfig */ = {isa = PBXFileReference; includeInIndex = 1; lastKnownFileType = text.xcconfig; name = Pods.debug.xcconfig; path = "Pods/Target Support Files/Pods/Pods.debug.xcconfig"; sourceTree = "<group>"; };
		66FE8A5B4BBAE471303FF7CE /* Pods.release.xcconfig */ = {isa = PBXFileReference; includeInIndex = 1; lastKnownFileType = text.xcconfig; name = Pods.release.xcconfig; path = "Pods/Target Support Files/Pods/Pods.release.xcconfig"; sourceTree = "<group>"; };
		692FF9D029172DB0FB183D6B /* libPods.a */ = {isa = PBXFileReference; explicitFileType = archive.ar; includeInIndex = 0; path = libPods.a; sourceTree = BUILT_PRODUCTS_DIR; };
		DE26BE8B1BD8B6690088BE5F /* LegisTableViewController.h */ = {isa = PBXFileReference; fileEncoding = 4; lastKnownFileType = sourcecode.c.h; path = LegisTableViewController.h; sourceTree = "<group>"; };
		DE26BE8C1BD8B6690088BE5F /* LegisTableViewController.m */ = {isa = PBXFileReference; fileEncoding = 4; lastKnownFileType = sourcecode.c.objc; path = LegisTableViewController.m; sourceTree = "<group>"; };
		DE26BE8E1BD8BC9A0088BE5F /* LegisFollowTableViewCell.h */ = {isa = PBXFileReference; fileEncoding = 4; lastKnownFileType = sourcecode.c.h; name = LegisFollowTableViewCell.h; path = FinalProject/LegisFollowTableViewCell.h; sourceTree = "<group>"; };
		DE26BE8F1BD8BC9A0088BE5F /* LegisFollowTableViewCell.m */ = {isa = PBXFileReference; fileEncoding = 4; lastKnownFileType = sourcecode.c.objc; name = LegisFollowTableViewCell.m; path = FinalProject/LegisFollowTableViewCell.m; sourceTree = "<group>"; };
		DE26BE901BD8BC9A0088BE5F /* LegisFollowTableViewCell.xib */ = {isa = PBXFileReference; fileEncoding = 4; lastKnownFileType = file.xib; name = LegisFollowTableViewCell.xib; path = FinalProject/LegisFollowTableViewCell.xib; sourceTree = "<group>"; };
		DE3E13E81BDF62B0007BEFD8 /* MoreTableViewController.h */ = {isa = PBXFileReference; fileEncoding = 4; lastKnownFileType = sourcecode.c.h; path = MoreTableViewController.h; sourceTree = "<group>"; };
		DE3E13E91BDF62B0007BEFD8 /* MoreTableViewController.m */ = {isa = PBXFileReference; fileEncoding = 4; lastKnownFileType = sourcecode.c.objc; path = MoreTableViewController.m; sourceTree = "<group>"; };
		DE3E13EB1BDFC831007BEFD8 /* UserNameViewController.h */ = {isa = PBXFileReference; fileEncoding = 4; lastKnownFileType = sourcecode.c.h; path = UserNameViewController.h; sourceTree = "<group>"; };
		DE3E13EC1BDFC831007BEFD8 /* UserNameViewController.m */ = {isa = PBXFileReference; fileEncoding = 4; lastKnownFileType = sourcecode.c.objc; path = UserNameViewController.m; sourceTree = "<group>"; };
		DE40F05D1BE885410009D773 /* LegisData.h */ = {isa = PBXFileReference; fileEncoding = 4; lastKnownFileType = sourcecode.c.h; path = LegisData.h; sourceTree = "<group>"; };
		DE40F05E1BE885410009D773 /* LegisData.m */ = {isa = PBXFileReference; fileEncoding = 4; lastKnownFileType = sourcecode.c.objc; path = LegisData.m; sourceTree = "<group>"; };
		DE40F0601BE90C5D0009D773 /* ContactUsViewController.h */ = {isa = PBXFileReference; fileEncoding = 4; lastKnownFileType = sourcecode.c.h; path = ContactUsViewController.h; sourceTree = "<group>"; };
		DE40F0611BE90C5D0009D773 /* ContactUsViewController.m */ = {isa = PBXFileReference; fileEncoding = 4; lastKnownFileType = sourcecode.c.objc; path = ContactUsViewController.m; sourceTree = "<group>"; };
		DE7D5D851BD617BA00D993F5 /* VoteTableViewCell.h */ = {isa = PBXFileReference; fileEncoding = 4; lastKnownFileType = sourcecode.c.h; name = VoteTableViewCell.h; path = FinalProject/VoteTableViewCell.h; sourceTree = "<group>"; };
		DE7D5D861BD617BA00D993F5 /* VoteTableViewCell.m */ = {isa = PBXFileReference; fileEncoding = 4; lastKnownFileType = sourcecode.c.objc; name = VoteTableViewCell.m; path = FinalProject/VoteTableViewCell.m; sourceTree = "<group>"; };
		DE7D5D871BD617BA00D993F5 /* VoteTableViewCell.xib */ = {isa = PBXFileReference; fileEncoding = 4; lastKnownFileType = file.xib; name = VoteTableViewCell.xib; path = FinalProject/VoteTableViewCell.xib; sourceTree = "<group>"; };
		DE98F4941BD0D4B400B4EC9E /* LoginViewController.h */ = {isa = PBXFileReference; fileEncoding = 4; lastKnownFileType = sourcecode.c.h; path = LoginViewController.h; sourceTree = "<group>"; };
		DE98F4951BD0D4B400B4EC9E /* LoginViewController.m */ = {isa = PBXFileReference; fileEncoding = 4; lastKnownFileType = sourcecode.c.objc; path = LoginViewController.m; sourceTree = "<group>"; };
		DE98F4971BD0DD2800B4EC9E /* LoginInfo.h */ = {isa = PBXFileReference; fileEncoding = 4; lastKnownFileType = sourcecode.c.h; path = LoginInfo.h; sourceTree = "<group>"; };
		DE98F4981BD0DD2800B4EC9E /* LoginInfo.m */ = {isa = PBXFileReference; fileEncoding = 4; lastKnownFileType = sourcecode.c.objc; path = LoginInfo.m; sourceTree = "<group>"; };
		DE98F49D1BD0F7F500B4EC9E /* TabViewController.h */ = {isa = PBXFileReference; fileEncoding = 4; lastKnownFileType = sourcecode.c.h; path = TabViewController.h; sourceTree = "<group>"; };
		DE98F49E1BD0F7F500B4EC9E /* TabViewController.m */ = {isa = PBXFileReference; fileEncoding = 4; lastKnownFileType = sourcecode.c.objc; path = TabViewController.m; sourceTree = "<group>"; };
		DEB61A621BE0C4A1001F1826 /* PushTableViewController.h */ = {isa = PBXFileReference; fileEncoding = 4; lastKnownFileType = sourcecode.c.h; path = PushTableViewController.h; sourceTree = "<group>"; };
		DEB61A631BE0C4A1001F1826 /* PushTableViewController.m */ = {isa = PBXFileReference; fileEncoding = 4; lastKnownFileType = sourcecode.c.objc; path = PushTableViewController.m; sourceTree = "<group>"; };
		DED7858C1BE25D0F00875C99 /* SimilarTableViewCell.h */ = {isa = PBXFileReference; fileEncoding = 4; lastKnownFileType = sourcecode.c.h; path = SimilarTableViewCell.h; sourceTree = "<group>"; };
		DED7858D1BE25D0F00875C99 /* SimilarTableViewCell.m */ = {isa = PBXFileReference; fileEncoding = 4; lastKnownFileType = sourcecode.c.objc; path = SimilarTableViewCell.m; sourceTree = "<group>"; };
		DED7858E1BE25D0F00875C99 /* SimilarTableViewCell.xib */ = {isa = PBXFileReference; fileEncoding = 4; lastKnownFileType = file.xib; path = SimilarTableViewCell.xib; sourceTree = "<group>"; };
		DEEA477B1BCF78DC00B66015 /* 政客爽.app */ = {isa = PBXFileReference; explicitFileType = wrapper.application; includeInIndex = 0; path = "政客爽.app"; sourceTree = BUILT_PRODUCTS_DIR; };
		DEEA477F1BCF78DC00B66015 /* main.m */ = {isa = PBXFileReference; lastKnownFileType = sourcecode.c.objc; path = main.m; sourceTree = "<group>"; };
		DEEA47811BCF78DC00B66015 /* AppDelegate.h */ = {isa = PBXFileReference; lastKnownFileType = sourcecode.c.h; name = AppDelegate.h; path = FinalProject/AppDelegate.h; sourceTree = "<group>"; };
		DEEA47821BCF78DC00B66015 /* AppDelegate.m */ = {isa = PBXFileReference; lastKnownFileType = sourcecode.c.objc; name = AppDelegate.m; path = FinalProject/AppDelegate.m; sourceTree = "<group>"; };
		DEEA47841BCF78DC00B66015 /* ViewController.h */ = {isa = PBXFileReference; lastKnownFileType = sourcecode.c.h; name = ViewController.h; path = FinalProject/ViewController.h; sourceTree = "<group>"; };
		DEEA47851BCF78DC00B66015 /* ViewController.m */ = {isa = PBXFileReference; lastKnownFileType = sourcecode.c.objc; name = ViewController.m; path = FinalProject/ViewController.m; sourceTree = "<group>"; };
		DEEA47881BCF78DC00B66015 /* Base */ = {isa = PBXFileReference; lastKnownFileType = file.storyboard; name = Base; path = Base.lproj/Main.storyboard; sourceTree = "<group>"; };
		DEEA478B1BCF78DC00B66015 /* FinalProject.xcdatamodel */ = {isa = PBXFileReference; lastKnownFileType = wrapper.xcdatamodel; path = FinalProject.xcdatamodel; sourceTree = "<group>"; };
		DEEA478D1BCF78DC00B66015 /* Assets.xcassets */ = {isa = PBXFileReference; lastKnownFileType = folder.assetcatalog; name = Assets.xcassets; path = FinalProject/Assets.xcassets; sourceTree = "<group>"; };
		DEEA47901BCF78DC00B66015 /* Base */ = {isa = PBXFileReference; lastKnownFileType = file.storyboard; name = Base; path = Base.lproj/LaunchScreen.storyboard; sourceTree = "<group>"; };
		DEEA47921BCF78DC00B66015 /* Info.plist */ = {isa = PBXFileReference; lastKnownFileType = text.plist.xml; path = Info.plist; sourceTree = "<group>"; };
		DEEA47981BCFA4AD00B66015 /* PersonViewController.h */ = {isa = PBXFileReference; fileEncoding = 4; lastKnownFileType = sourcecode.c.h; path = PersonViewController.h; sourceTree = "<group>"; };
		DEEA47991BCFA4AD00B66015 /* PersonViewController.m */ = {isa = PBXFileReference; fileEncoding = 4; lastKnownFileType = sourcecode.c.objc; path = PersonViewController.m; sourceTree = "<group>"; };
		DEEA479B1BCFD8A100B66015 /* VoteTableViewController.h */ = {isa = PBXFileReference; fileEncoding = 4; lastKnownFileType = sourcecode.c.h; path = VoteTableViewController.h; sourceTree = "<group>"; };
		DEEA479C1BCFD8A100B66015 /* VoteTableViewController.m */ = {isa = PBXFileReference; fileEncoding = 4; lastKnownFileType = sourcecode.c.objc; path = VoteTableViewController.m; sourceTree = "<group>"; };
/* End PBXFileReference section */

/* Begin PBXFrameworksBuildPhase section */
		DEEA47781BCF78DC00B66015 /* Frameworks */ = {
			isa = PBXFrameworksBuildPhase;
			buildActionMask = 2147483647;
			files = (
				35CB75BC1BE4CC7100AA29A0 /* QuartzCore.framework in Frameworks */,
				E3BB4E4BE401B160684D4AC5 /* libPods.a in Frameworks */,
			);
			runOnlyForDeploymentPostprocessing = 0;
		};
/* End PBXFrameworksBuildPhase section */

/* Begin PBXGroup section */
		35CB75B61BE4A6F900AA29A0 /* topthree */ = {
			isa = PBXGroup;
			children = (
				3536585E1BE37FA40027CCFB /* CongressTopThreeViewController.h */,
				3536585F1BE37FA40027CCFB /* CongressTopThreeViewController.m */,
				353658611BE37FF90027CCFB /* TopThreeListTableViewController.h */,
				353658621BE37FF90027CCFB /* TopThreeListTableViewController.m */,
			);
			name = topthree;
			sourceTree = "<group>";
		};
		35CB75B71BE4A70700AA29A0 /* all */ = {
			isa = PBXGroup;
			children = (
				35FFD6441BDF6A01006B56CA /* PartyTableViewController.h */,
				35FFD6451BDF6A01006B56CA /* PartyTableViewController.m */,
				35FFD6471BDF6A1E006B56CA /* CongressmanTableViewController.h */,
				35FFD6481BDF6A1E006B56CA /* CongressmanTableViewController.m */,
			);
			name = all;
			sourceTree = "<group>";
		};
		35FFD64A1BDF6A35006B56CA /* Vote */ = {
			isa = PBXGroup;
			children = (
				35E07A121BE218D1001880FC /* IssueTableViewController.h */,
				35E07A131BE218D1001880FC /* IssueTableViewController.m */,
				35E07A151BE239F7001880FC /* IssueTableViewCell.h */,
				35E07A161BE239F7001880FC /* IssueTableViewCell.m */,
				352219871BD63B0100DF0FFF /* IssueViewController.h */,
				352219881BD63B0100DF0FFF /* IssueViewController.m */,
				35BC54CA1BCFC72000632657 /* VotingPageViewController.h */,
				35BC54CB1BCFC72000632657 /* VotingPageViewController.m */,
				35CB75B81BE4BC3B00AA29A0 /* XYPieChart.h */,
				35CB75B91BE4BC3B00AA29A0 /* XYPieChart.m */,
			);
			name = Vote;
			sourceTree = "<group>";
		};
		35FFD64B1BDF6A44006B56CA /* Congressman */ = {
			isa = PBXGroup;
			children = (
				35CB75B61BE4A6F900AA29A0 /* topthree */,
				35CB75B71BE4A70700AA29A0 /* all */,
			);
			name = Congressman;
			sourceTree = "<group>";
		};
		6F78B114B0FB5132D531A816 /* Frameworks */ = {
			isa = PBXGroup;
			children = (
				35CB75BB1BE4CC7100AA29A0 /* QuartzCore.framework */,
				692FF9D029172DB0FB183D6B /* libPods.a */,
			);
			name = Frameworks;
			sourceTree = "<group>";
		};
		96D8EB8C48CB1C9C64CD72D8 /* Pods */ = {
			isa = PBXGroup;
			children = (
				3C2A27A6693DE7C7E2EE76B5 /* Pods.debug.xcconfig */,
				66FE8A5B4BBAE471303FF7CE /* Pods.release.xcconfig */,
			);
			name = Pods;
			sourceTree = "<group>";
		};
		DED785861BE25BFE00875C99 /* CellXib */ = {
			isa = PBXGroup;
			children = (
				DE7D5D851BD617BA00D993F5 /* VoteTableViewCell.h */,
				DE7D5D861BD617BA00D993F5 /* VoteTableViewCell.m */,
				DE7D5D871BD617BA00D993F5 /* VoteTableViewCell.xib */,
				DE26BE8E1BD8BC9A0088BE5F /* LegisFollowTableViewCell.h */,
				DE26BE8F1BD8BC9A0088BE5F /* LegisFollowTableViewCell.m */,
				DE26BE901BD8BC9A0088BE5F /* LegisFollowTableViewCell.xib */,
				DED7858C1BE25D0F00875C99 /* SimilarTableViewCell.h */,
				DED7858D1BE25D0F00875C99 /* SimilarTableViewCell.m */,
				DED7858E1BE25D0F00875C99 /* SimilarTableViewCell.xib */,
			);
			name = CellXib;
			sourceTree = "<group>";
		};
		DEEA47721BCF78DB00B66015 = {
			isa = PBXGroup;
			children = (
				35E07A1E1BE2648F001880FC /* config.h */,
				DEEA478D1BCF78DC00B66015 /* Assets.xcassets */,
				DEEA47811BCF78DC00B66015 /* AppDelegate.h */,
				DEEA47821BCF78DC00B66015 /* AppDelegate.m */,
				DEEA47841BCF78DC00B66015 /* ViewController.h */,
				DEEA47851BCF78DC00B66015 /* ViewController.m */,
				DEEA47871BCF78DC00B66015 /* Main.storyboard */,
				35FFD6411BDF5CA6006B56CA /* FirstQuestionViewController.h */,
				35FFD6421BDF5CA6006B56CA /* FirstQuestionViewController.m */,
				DED785861BE25BFE00875C99 /* CellXib */,
				35FFD64A1BDF6A35006B56CA /* Vote */,
				35FFD64B1BDF6A44006B56CA /* Congressman */,
				DEEA477D1BCF78DC00B66015 /* FinalProject */,
				DEEA477C1BCF78DC00B66015 /* Products */,
				96D8EB8C48CB1C9C64CD72D8 /* Pods */,
				6F78B114B0FB5132D531A816 /* Frameworks */,
			);
			sourceTree = "<group>";
		};
		DEEA477C1BCF78DC00B66015 /* Products */ = {
			isa = PBXGroup;
			children = (
				DEEA477B1BCF78DC00B66015 /* 政客爽.app */,
			);
			name = Products;
			sourceTree = "<group>";
		};
		DEEA477D1BCF78DC00B66015 /* FinalProject */ = {
			isa = PBXGroup;
			children = (
				35BC54C71BCFC69D00632657 /* LegisCategoryTableViewController.h */,
				35BC54C81BCFC69D00632657 /* LegisCategoryTableViewController.m */,
				DEEA478F1BCF78DC00B66015 /* LaunchScreen.storyboard */,
				DEEA47921BCF78DC00B66015 /* Info.plist */,
				DEEA478A1BCF78DC00B66015 /* FinalProject.xcdatamodeld */,
				DEEA477E1BCF78DC00B66015 /* Supporting Files */,
				DEEA47981BCFA4AD00B66015 /* PersonViewController.h */,
				DEEA47991BCFA4AD00B66015 /* PersonViewController.m */,
				DEEA479B1BCFD8A100B66015 /* VoteTableViewController.h */,
				DEEA479C1BCFD8A100B66015 /* VoteTableViewController.m */,
				DE98F4941BD0D4B400B4EC9E /* LoginViewController.h */,
				DE98F4951BD0D4B400B4EC9E /* LoginViewController.m */,
				DE98F4971BD0DD2800B4EC9E /* LoginInfo.h */,
				DE98F4981BD0DD2800B4EC9E /* LoginInfo.m */,
				DE98F49D1BD0F7F500B4EC9E /* TabViewController.h */,
				DE98F49E1BD0F7F500B4EC9E /* TabViewController.m */,
				DE26BE8B1BD8B6690088BE5F /* LegisTableViewController.h */,
				DE26BE8C1BD8B6690088BE5F /* LegisTableViewController.m */,
				DE3E13E81BDF62B0007BEFD8 /* MoreTableViewController.h */,
				DE3E13E91BDF62B0007BEFD8 /* MoreTableViewController.m */,
				DE3E13EB1BDFC831007BEFD8 /* UserNameViewController.h */,
				DE3E13EC1BDFC831007BEFD8 /* UserNameViewController.m */,
				DEB61A621BE0C4A1001F1826 /* PushTableViewController.h */,
				DEB61A631BE0C4A1001F1826 /* PushTableViewController.m */,
				DE40F05D1BE885410009D773 /* LegisData.h */,
				DE40F05E1BE885410009D773 /* LegisData.m */,
				DE40F0601BE90C5D0009D773 /* ContactUsViewController.h */,
				DE40F0611BE90C5D0009D773 /* ContactUsViewController.m */,
			);
			path = FinalProject;
			sourceTree = "<group>";
		};
		DEEA477E1BCF78DC00B66015 /* Supporting Files */ = {
			isa = PBXGroup;
			children = (
				DEEA477F1BCF78DC00B66015 /* main.m */,
			);
			name = "Supporting Files";
			sourceTree = "<group>";
		};
/* End PBXGroup section */

/* Begin PBXNativeTarget section */
		DEEA477A1BCF78DC00B66015 /* FinalProject */ = {
			isa = PBXNativeTarget;
			buildConfigurationList = DEEA47951BCF78DC00B66015 /* Build configuration list for PBXNativeTarget "FinalProject" */;
			buildPhases = (
				FB4F0FCF41BE3AD35999951A /* Check Pods Manifest.lock */,
				DEEA47771BCF78DC00B66015 /* Sources */,
				DEEA47781BCF78DC00B66015 /* Frameworks */,
				DEEA47791BCF78DC00B66015 /* Resources */,
				8F4E61D0BFDD2BE665665F53 /* Embed Pods Frameworks */,
				C4017F731BA45A859AEA9DED /* Copy Pods Resources */,
			);
			buildRules = (
			);
			dependencies = (
			);
			name = FinalProject;
			productName = FinalProject;
			productReference = DEEA477B1BCF78DC00B66015 /* 政客爽.app */;
			productType = "com.apple.product-type.application";
		};
/* End PBXNativeTarget section */

/* Begin PBXProject section */
		DEEA47731BCF78DB00B66015 /* Project object */ = {
			isa = PBXProject;
			attributes = {
				LastUpgradeCheck = 0700;
				ORGANIZATIONNAME = "鄭涵嚴";
				TargetAttributes = {
					DEEA477A1BCF78DC00B66015 = {
						CreatedOnToolsVersion = 7.0.1;
						DevelopmentTeam = 9U5JLSE84B;
					};
				};
			};
			buildConfigurationList = DEEA47761BCF78DB00B66015 /* Build configuration list for PBXProject "FinalProject" */;
			compatibilityVersion = "Xcode 3.2";
			developmentRegion = English;
			hasScannedForEncodings = 0;
			knownRegions = (
				en,
				Base,
			);
			mainGroup = DEEA47721BCF78DB00B66015;
			productRefGroup = DEEA477C1BCF78DC00B66015 /* Products */;
			projectDirPath = "";
			projectRoot = "";
			targets = (
				DEEA477A1BCF78DC00B66015 /* FinalProject */,
			);
		};
/* End PBXProject section */

/* Begin PBXResourcesBuildPhase section */
		DEEA47791BCF78DC00B66015 /* Resources */ = {
			isa = PBXResourcesBuildPhase;
			buildActionMask = 2147483647;
			files = (
				DE26BE921BD8BC9A0088BE5F /* LegisFollowTableViewCell.xib in Resources */,
				DED785901BE25D0F00875C99 /* SimilarTableViewCell.xib in Resources */,
				DEEA47911BCF78DC00B66015 /* LaunchScreen.storyboard in Resources */,
				DEEA478E1BCF78DC00B66015 /* Assets.xcassets in Resources */,
				DEEA47891BCF78DC00B66015 /* Main.storyboard in Resources */,
				DE7D5D891BD617BA00D993F5 /* VoteTableViewCell.xib in Resources */,
			);
			runOnlyForDeploymentPostprocessing = 0;
		};
/* End PBXResourcesBuildPhase section */

/* Begin PBXShellScriptBuildPhase section */
		8F4E61D0BFDD2BE665665F53 /* Embed Pods Frameworks */ = {
			isa = PBXShellScriptBuildPhase;
			buildActionMask = 2147483647;
			files = (
			);
			inputPaths = (
			);
			name = "Embed Pods Frameworks";
			outputPaths = (
			);
			runOnlyForDeploymentPostprocessing = 0;
			shellPath = /bin/sh;
			shellScript = "\"${SRCROOT}/Pods/Target Support Files/Pods/Pods-frameworks.sh\"\n";
			showEnvVarsInLog = 0;
		};
		C4017F731BA45A859AEA9DED /* Copy Pods Resources */ = {
			isa = PBXShellScriptBuildPhase;
			buildActionMask = 2147483647;
			files = (
			);
			inputPaths = (
			);
			name = "Copy Pods Resources";
			outputPaths = (
			);
			runOnlyForDeploymentPostprocessing = 0;
			shellPath = /bin/sh;
			shellScript = "\"${SRCROOT}/Pods/Target Support Files/Pods/Pods-resources.sh\"\n";
			showEnvVarsInLog = 0;
		};
		FB4F0FCF41BE3AD35999951A /* Check Pods Manifest.lock */ = {
			isa = PBXShellScriptBuildPhase;
			buildActionMask = 2147483647;
			files = (
			);
			inputPaths = (
			);
			name = "Check Pods Manifest.lock";
			outputPaths = (
			);
			runOnlyForDeploymentPostprocessing = 0;
			shellPath = /bin/sh;
			shellScript = "diff \"${PODS_ROOT}/../Podfile.lock\" \"${PODS_ROOT}/Manifest.lock\" > /dev/null\nif [[ $? != 0 ]] ; then\n    cat << EOM\nerror: The sandbox is not in sync with the Podfile.lock. Run 'pod install' or update your CocoaPods installation.\nEOM\n    exit 1\nfi\n";
			showEnvVarsInLog = 0;
		};
/* End PBXShellScriptBuildPhase section */

/* Begin PBXSourcesBuildPhase section */
		DEEA47771BCF78DC00B66015 /* Sources */ = {
			isa = PBXSourcesBuildPhase;
			buildActionMask = 2147483647;
			files = (
				DEEA479A1BCFA4AD00B66015 /* PersonViewController.m in Sources */,
				35BC54C91BCFC69D00632657 /* LegisCategoryTableViewController.m in Sources */,
				DE3E13ED1BDFC831007BEFD8 /* UserNameViewController.m in Sources */,
				DE40F0621BE90C5D0009D773 /* ContactUsViewController.m in Sources */,
				DEB61A641BE0C4A2001F1826 /* PushTableViewController.m in Sources */,
				352219891BD63B0100DF0FFF /* IssueViewController.m in Sources */,
				35E07A171BE239F7001880FC /* IssueTableViewCell.m in Sources */,
				DEEA47861BCF78DC00B66015 /* ViewController.m in Sources */,
				35FFD6491BDF6A1E006B56CA /* CongressmanTableViewController.m in Sources */,
				35BC54CC1BCFC72000632657 /* VotingPageViewController.m in Sources */,
				DE98F4961BD0D4B400B4EC9E /* LoginViewController.m in Sources */,
				DED7858F1BE25D0F00875C99 /* SimilarTableViewCell.m in Sources */,
				353658601BE37FA40027CCFB /* CongressTopThreeViewController.m in Sources */,
				DE98F49F1BD0F7F500B4EC9E /* TabViewController.m in Sources */,
				DE26BE8D1BD8B6690088BE5F /* LegisTableViewController.m in Sources */,
				DE98F4991BD0DD2800B4EC9E /* LoginInfo.m in Sources */,
				35CB75BA1BE4BC3B00AA29A0 /* XYPieChart.m in Sources */,
				353658631BE37FF90027CCFB /* TopThreeListTableViewController.m in Sources */,
				DE7D5D881BD617BA00D993F5 /* VoteTableViewCell.m in Sources */,
				35E07A141BE218D1001880FC /* IssueTableViewController.m in Sources */,
				35FFD6431BDF5CA6006B56CA /* FirstQuestionViewController.m in Sources */,
				DEEA47831BCF78DC00B66015 /* AppDelegate.m in Sources */,
				DEEA478C1BCF78DC00B66015 /* FinalProject.xcdatamodeld in Sources */,
				DEEA47801BCF78DC00B66015 /* main.m in Sources */,
				DEEA479D1BCFD8A100B66015 /* VoteTableViewController.m in Sources */,
				DE40F05F1BE885410009D773 /* LegisData.m in Sources */,
				DE3E13EA1BDF62B0007BEFD8 /* MoreTableViewController.m in Sources */,
				35FFD6461BDF6A01006B56CA /* PartyTableViewController.m in Sources */,
				DE26BE911BD8BC9A0088BE5F /* LegisFollowTableViewCell.m in Sources */,
			);
			runOnlyForDeploymentPostprocessing = 0;
		};
/* End PBXSourcesBuildPhase section */

/* Begin PBXVariantGroup section */
		DEEA47871BCF78DC00B66015 /* Main.storyboard */ = {
			isa = PBXVariantGroup;
			children = (
				DEEA47881BCF78DC00B66015 /* Base */,
			);
			name = Main.storyboard;
			path = FinalProject;
			sourceTree = "<group>";
		};
		DEEA478F1BCF78DC00B66015 /* LaunchScreen.storyboard */ = {
			isa = PBXVariantGroup;
			children = (
				DEEA47901BCF78DC00B66015 /* Base */,
			);
			name = LaunchScreen.storyboard;
			sourceTree = "<group>";
		};
/* End PBXVariantGroup section */

/* Begin XCBuildConfiguration section */
		DEEA47931BCF78DC00B66015 /* Debug */ = {
			isa = XCBuildConfiguration;
			buildSettings = {
				ALWAYS_SEARCH_USER_PATHS = NO;
				CLANG_CXX_LANGUAGE_STANDARD = "gnu++0x";
				CLANG_CXX_LIBRARY = "libc++";
				CLANG_ENABLE_MODULES = YES;
				CLANG_ENABLE_OBJC_ARC = YES;
				CLANG_WARN_BOOL_CONVERSION = YES;
				CLANG_WARN_CONSTANT_CONVERSION = YES;
				CLANG_WARN_DIRECT_OBJC_ISA_USAGE = YES_ERROR;
				CLANG_WARN_EMPTY_BODY = YES;
				CLANG_WARN_ENUM_CONVERSION = YES;
				CLANG_WARN_INT_CONVERSION = YES;
				CLANG_WARN_OBJC_ROOT_CLASS = YES_ERROR;
				CLANG_WARN_UNREACHABLE_CODE = YES;
				CLANG_WARN__DUPLICATE_METHOD_MATCH = YES;
				"CODE_SIGN_IDENTITY[sdk=iphoneos*]" = "iPhone Developer";
				COPY_PHASE_STRIP = NO;
				DEBUG_INFORMATION_FORMAT = dwarf;
				ENABLE_STRICT_OBJC_MSGSEND = YES;
				ENABLE_TESTABILITY = YES;
				GCC_C_LANGUAGE_STANDARD = gnu99;
				GCC_DYNAMIC_NO_PIC = NO;
				GCC_NO_COMMON_BLOCKS = YES;
				GCC_OPTIMIZATION_LEVEL = 0;
				GCC_PREPROCESSOR_DEFINITIONS = (
					"DEBUG=1",
					"$(inherited)",
				);
				GCC_WARN_64_TO_32_BIT_CONVERSION = YES;
				GCC_WARN_ABOUT_RETURN_TYPE = YES_ERROR;
				GCC_WARN_UNDECLARED_SELECTOR = YES;
				GCC_WARN_UNINITIALIZED_AUTOS = YES_AGGRESSIVE;
				GCC_WARN_UNUSED_FUNCTION = YES;
				GCC_WARN_UNUSED_VARIABLE = YES;
				IPHONEOS_DEPLOYMENT_TARGET = 9.0;
				MTL_ENABLE_DEBUG_INFO = YES;
				ONLY_ACTIVE_ARCH = YES;
				SDKROOT = iphoneos;
			};
			name = Debug;
		};
		DEEA47941BCF78DC00B66015 /* Release */ = {
			isa = XCBuildConfiguration;
			buildSettings = {
				ALWAYS_SEARCH_USER_PATHS = NO;
				CLANG_CXX_LANGUAGE_STANDARD = "gnu++0x";
				CLANG_CXX_LIBRARY = "libc++";
				CLANG_ENABLE_MODULES = YES;
				CLANG_ENABLE_OBJC_ARC = YES;
				CLANG_WARN_BOOL_CONVERSION = YES;
				CLANG_WARN_CONSTANT_CONVERSION = YES;
				CLANG_WARN_DIRECT_OBJC_ISA_USAGE = YES_ERROR;
				CLANG_WARN_EMPTY_BODY = YES;
				CLANG_WARN_ENUM_CONVERSION = YES;
				CLANG_WARN_INT_CONVERSION = YES;
				CLANG_WARN_OBJC_ROOT_CLASS = YES_ERROR;
				CLANG_WARN_UNREACHABLE_CODE = YES;
				CLANG_WARN__DUPLICATE_METHOD_MATCH = YES;
				"CODE_SIGN_IDENTITY[sdk=iphoneos*]" = "iPhone Developer";
				COPY_PHASE_STRIP = NO;
				DEBUG_INFORMATION_FORMAT = "dwarf-with-dsym";
				ENABLE_NS_ASSERTIONS = NO;
				ENABLE_STRICT_OBJC_MSGSEND = YES;
				GCC_C_LANGUAGE_STANDARD = gnu99;
				GCC_NO_COMMON_BLOCKS = YES;
				GCC_WARN_64_TO_32_BIT_CONVERSION = YES;
				GCC_WARN_ABOUT_RETURN_TYPE = YES_ERROR;
				GCC_WARN_UNDECLARED_SELECTOR = YES;
				GCC_WARN_UNINITIALIZED_AUTOS = YES_AGGRESSIVE;
				GCC_WARN_UNUSED_FUNCTION = YES;
				GCC_WARN_UNUSED_VARIABLE = YES;
				IPHONEOS_DEPLOYMENT_TARGET = 9.0;
				MTL_ENABLE_DEBUG_INFO = NO;
				SDKROOT = iphoneos;
				VALIDATE_PRODUCT = YES;
			};
			name = Release;
		};
		DEEA47961BCF78DC00B66015 /* Debug */ = {
			isa = XCBuildConfiguration;
			baseConfigurationReference = 3C2A27A6693DE7C7E2EE76B5 /* Pods.debug.xcconfig */;
			buildSettings = {
				ASSETCATALOG_COMPILER_APPICON_NAME = AppIcon;
				CODE_SIGN_IDENTITY = "iPhone Developer";
				"CODE_SIGN_IDENTITY[sdk=iphoneos*]" = "iPhone Developer";
				EXECUTABLE_PREFIX = "";
				"FRAMEWORK_SEARCH_PATHS[arch=*]" = "/Users/chenghanyen/Downloads/FacebookSDKs-iOS-20151007";
				GCC_PREFIX_HEADER = config.h;
				INFOPLIST_FILE = FinalProject/Info.plist;
				LD_RUNPATH_SEARCH_PATHS = "$(inherited) @executable_path/Frameworks";
				PRODUCT_BUNDLE_IDENTIFIER = AC.FinalProject;
				PRODUCT_NAME = "政客爽";
				PROVISIONING_PROFILE = "";
				TARGETED_DEVICE_FAMILY = 1;
			};
			name = Debug;
		};
		DEEA47971BCF78DC00B66015 /* Release */ = {
			isa = XCBuildConfiguration;
			baseConfigurationReference = 66FE8A5B4BBAE471303FF7CE /* Pods.release.xcconfig */;
			buildSettings = {
				ASSETCATALOG_COMPILER_APPICON_NAME = AppIcon;
				CODE_SIGN_IDENTITY = "iPhone Developer";
				"CODE_SIGN_IDENTITY[sdk=iphoneos*]" = "iPhone Developer";
				EXECUTABLE_PREFIX = "";
				GCC_PREFIX_HEADER = config.h;
				INFOPLIST_FILE = FinalProject/Info.plist;
				LD_RUNPATH_SEARCH_PATHS = "$(inherited) @executable_path/Frameworks";
				PRODUCT_BUNDLE_IDENTIFIER = AC.FinalProject;
				PRODUCT_NAME = "政客爽";
				PROVISIONING_PROFILE = "";
				TARGETED_DEVICE_FAMILY = 1;
			};
			name = Release;
		};
/* End XCBuildConfiguration section */

/* Begin XCConfigurationList section */
		DEEA47761BCF78DB00B66015 /* Build configuration list for PBXProject "FinalProject" */ = {
			isa = XCConfigurationList;
			buildConfigurations = (
				DEEA47931BCF78DC00B66015 /* Debug */,
				DEEA47941BCF78DC00B66015 /* Release */,
			);
			defaultConfigurationIsVisible = 0;
			defaultConfigurationName = Release;
		};
		DEEA47951BCF78DC00B66015 /* Build configuration list for PBXNativeTarget "FinalProject" */ = {
			isa = XCConfigurationList;
			buildConfigurations = (
				DEEA47961BCF78DC00B66015 /* Debug */,
				DEEA47971BCF78DC00B66015 /* Release */,
			);
			defaultConfigurationIsVisible = 0;
			defaultConfigurationName = Release;
		};
/* End XCConfigurationList section */

/* Begin XCVersionGroup section */
		DEEA478A1BCF78DC00B66015 /* FinalProject.xcdatamodeld */ = {
			isa = XCVersionGroup;
			children = (
				DEEA478B1BCF78DC00B66015 /* FinalProject.xcdatamodel */,
			);
			currentVersion = DEEA478B1BCF78DC00B66015 /* FinalProject.xcdatamodel */;
			path = FinalProject.xcdatamodeld;
			sourceTree = "<group>";
			versionGroupType = wrapper.xcdatamodel;
		};
/* End XCVersionGroup section */
	};
	rootObject = DEEA47731BCF78DB00B66015 /* Project object */;
}
