// !$*UTF8*$!
{
	archiveVersion = 1;
	classes = {
	};
	objectVersion = 46;
	objects = {

/* Begin PBXBuildFile section */
		35BC54C61BCFA36A00632657 /* VoteViewController.m in Sources */ = {isa = PBXBuildFile; fileRef = 35BC54C51BCFA36A00632657 /* VoteViewController.m */; settings = {ASSET_TAGS = (); }; };
		35BC54C91BCFC69D00632657 /* LegisCategoryTableViewController.m in Sources */ = {isa = PBXBuildFile; fileRef = 35BC54C81BCFC69D00632657 /* LegisCategoryTableViewController.m */; settings = {ASSET_TAGS = (); }; };
		35BC54CC1BCFC72000632657 /* VotingPageViewController.m in Sources */ = {isa = PBXBuildFile; fileRef = 35BC54CB1BCFC72000632657 /* VotingPageViewController.m */; settings = {ASSET_TAGS = (); }; };
		A4F9EF332BDB4D96F5CA3B84 /* libPods.a in Frameworks */ = {isa = PBXBuildFile; fileRef = 692FF9D029172DB0FB183D6B /* libPods.a */; };
		DE98F4911BD0D22000B4EC9E /* FBSDKCoreKit.framework in Frameworks */ = {isa = PBXBuildFile; fileRef = DE98F48E1BD0D22000B4EC9E /* FBSDKCoreKit.framework */; settings = {ASSET_TAGS = (); }; };
		DE98F4921BD0D22000B4EC9E /* FBSDKLoginKit.framework in Frameworks */ = {isa = PBXBuildFile; fileRef = DE98F48F1BD0D22000B4EC9E /* FBSDKLoginKit.framework */; settings = {ASSET_TAGS = (); }; };
		DE98F4931BD0D22000B4EC9E /* FBSDKShareKit.framework in Frameworks */ = {isa = PBXBuildFile; fileRef = DE98F4901BD0D22000B4EC9E /* FBSDKShareKit.framework */; settings = {ASSET_TAGS = (); }; };
		DE98F4961BD0D4B400B4EC9E /* LoginViewController.m in Sources */ = {isa = PBXBuildFile; fileRef = DE98F4951BD0D4B400B4EC9E /* LoginViewController.m */; settings = {ASSET_TAGS = (); }; };
		DE98F4991BD0DD2800B4EC9E /* LoginInfo.m in Sources */ = {isa = PBXBuildFile; fileRef = DE98F4981BD0DD2800B4EC9E /* LoginInfo.m */; settings = {ASSET_TAGS = (); }; };
		DE98F49C1BD0EFE500B4EC9E /* MoreViewController.m in Sources */ = {isa = PBXBuildFile; fileRef = DE98F49B1BD0EFE500B4EC9E /* MoreViewController.m */; settings = {ASSET_TAGS = (); }; };
		DE98F49F1BD0F7F500B4EC9E /* TabViewController.m in Sources */ = {isa = PBXBuildFile; fileRef = DE98F49E1BD0F7F500B4EC9E /* TabViewController.m */; settings = {ASSET_TAGS = (); }; };
		DEEA47801BCF78DC00B66015 /* main.m in Sources */ = {isa = PBXBuildFile; fileRef = DEEA477F1BCF78DC00B66015 /* main.m */; };
		DEEA47831BCF78DC00B66015 /* AppDelegate.m in Sources */ = {isa = PBXBuildFile; fileRef = DEEA47821BCF78DC00B66015 /* AppDelegate.m */; };
		DEEA47861BCF78DC00B66015 /* ViewController.m in Sources */ = {isa = PBXBuildFile; fileRef = DEEA47851BCF78DC00B66015 /* ViewController.m */; };
		DEEA47891BCF78DC00B66015 /* Main.storyboard in Resources */ = {isa = PBXBuildFile; fileRef = DEEA47871BCF78DC00B66015 /* Main.storyboard */; };
		DEEA478C1BCF78DC00B66015 /* FinalProject.xcdatamodeld in Sources */ = {isa = PBXBuildFile; fileRef = DEEA478A1BCF78DC00B66015 /* FinalProject.xcdatamodeld */; };
		DEEA478E1BCF78DC00B66015 /* Assets.xcassets in Resources */ = {isa = PBXBuildFile; fileRef = DEEA478D1BCF78DC00B66015 /* Assets.xcassets */; };
		DEEA47911BCF78DC00B66015 /* LaunchScreen.storyboard in Resources */ = {isa = PBXBuildFile; fileRef = DEEA478F1BCF78DC00B66015 /* LaunchScreen.storyboard */; };
		DEEA479A1BCFA4AD00B66015 /* PersonViewController.m in Sources */ = {isa = PBXBuildFile; fileRef = DEEA47991BCFA4AD00B66015 /* PersonViewController.m */; settings = {ASSET_TAGS = (); }; };
		DEEA479D1BCFD8A100B66015 /* VoteTableViewController.m in Sources */ = {isa = PBXBuildFile; fileRef = DEEA479C1BCFD8A100B66015 /* VoteTableViewController.m */; settings = {ASSET_TAGS = (); }; };
/* End PBXBuildFile section */

/* Begin PBXFileReference section */
		35BC54C41BCFA36A00632657 /* VoteViewController.h */ = {isa = PBXFileReference; fileEncoding = 4; lastKnownFileType = sourcecode.c.h; path = VoteViewController.h; sourceTree = "<group>"; };
		35BC54C51BCFA36A00632657 /* VoteViewController.m */ = {isa = PBXFileReference; fileEncoding = 4; lastKnownFileType = sourcecode.c.objc; path = VoteViewController.m; sourceTree = "<group>"; };
		35BC54C71BCFC69D00632657 /* LegisCategoryTableViewController.h */ = {isa = PBXFileReference; fileEncoding = 4; lastKnownFileType = sourcecode.c.h; path = LegisCategoryTableViewController.h; sourceTree = "<group>"; };
		35BC54C81BCFC69D00632657 /* LegisCategoryTableViewController.m */ = {isa = PBXFileReference; fileEncoding = 4; lastKnownFileType = sourcecode.c.objc; path = LegisCategoryTableViewController.m; sourceTree = "<group>"; };
		35BC54CA1BCFC72000632657 /* VotingPageViewController.h */ = {isa = PBXFileReference; fileEncoding = 4; lastKnownFileType = sourcecode.c.h; path = VotingPageViewController.h; sourceTree = "<group>"; };
		35BC54CB1BCFC72000632657 /* VotingPageViewController.m */ = {isa = PBXFileReference; fileEncoding = 4; lastKnownFileType = sourcecode.c.objc; path = VotingPageViewController.m; sourceTree = "<group>"; };
		3C2A27A6693DE7C7E2EE76B5 /* Pods.debug.xcconfig */ = {isa = PBXFileReference; includeInIndex = 1; lastKnownFileType = text.xcconfig; name = Pods.debug.xcconfig; path = "Pods/Target Support Files/Pods/Pods.debug.xcconfig"; sourceTree = "<group>"; };
		66FE8A5B4BBAE471303FF7CE /* Pods.release.xcconfig */ = {isa = PBXFileReference; includeInIndex = 1; lastKnownFileType = text.xcconfig; name = Pods.release.xcconfig; path = "Pods/Target Support Files/Pods/Pods.release.xcconfig"; sourceTree = "<group>"; };
		692FF9D029172DB0FB183D6B /* libPods.a */ = {isa = PBXFileReference; explicitFileType = archive.ar; includeInIndex = 0; path = libPods.a; sourceTree = BUILT_PRODUCTS_DIR; };
		DE98F48E1BD0D22000B4EC9E /* FBSDKCoreKit.framework */ = {isa = PBXFileReference; lastKnownFileType = wrapper.framework; name = FBSDKCoreKit.framework; path = "../../../Downloads/FacebookSDKs-iOS-20151007/FBSDKCoreKit.framework"; sourceTree = "<group>"; };
		DE98F48F1BD0D22000B4EC9E /* FBSDKLoginKit.framework */ = {isa = PBXFileReference; lastKnownFileType = wrapper.framework; name = FBSDKLoginKit.framework; path = "../../../Downloads/FacebookSDKs-iOS-20151007/FBSDKLoginKit.framework"; sourceTree = "<group>"; };
		DE98F4901BD0D22000B4EC9E /* FBSDKShareKit.framework */ = {isa = PBXFileReference; lastKnownFileType = wrapper.framework; name = FBSDKShareKit.framework; path = "../../../Downloads/FacebookSDKs-iOS-20151007/FBSDKShareKit.framework"; sourceTree = "<group>"; };
		DE98F4941BD0D4B400B4EC9E /* LoginViewController.h */ = {isa = PBXFileReference; fileEncoding = 4; lastKnownFileType = sourcecode.c.h; path = LoginViewController.h; sourceTree = "<group>"; };
		DE98F4951BD0D4B400B4EC9E /* LoginViewController.m */ = {isa = PBXFileReference; fileEncoding = 4; lastKnownFileType = sourcecode.c.objc; path = LoginViewController.m; sourceTree = "<group>"; };
		DE98F4971BD0DD2800B4EC9E /* LoginInfo.h */ = {isa = PBXFileReference; fileEncoding = 4; lastKnownFileType = sourcecode.c.h; path = LoginInfo.h; sourceTree = "<group>"; };
		DE98F4981BD0DD2800B4EC9E /* LoginInfo.m */ = {isa = PBXFileReference; fileEncoding = 4; lastKnownFileType = sourcecode.c.objc; path = LoginInfo.m; sourceTree = "<group>"; };
		DE98F49A1BD0EFE500B4EC9E /* MoreViewController.h */ = {isa = PBXFileReference; fileEncoding = 4; lastKnownFileType = sourcecode.c.h; path = MoreViewController.h; sourceTree = "<group>"; };
		DE98F49B1BD0EFE500B4EC9E /* MoreViewController.m */ = {isa = PBXFileReference; fileEncoding = 4; lastKnownFileType = sourcecode.c.objc; path = MoreViewController.m; sourceTree = "<group>"; };
		DE98F49D1BD0F7F500B4EC9E /* TabViewController.h */ = {isa = PBXFileReference; fileEncoding = 4; lastKnownFileType = sourcecode.c.h; path = TabViewController.h; sourceTree = "<group>"; };
		DE98F49E1BD0F7F500B4EC9E /* TabViewController.m */ = {isa = PBXFileReference; fileEncoding = 4; lastKnownFileType = sourcecode.c.objc; path = TabViewController.m; sourceTree = "<group>"; };
		DEEA477B1BCF78DC00B66015 /* FinalProject.app */ = {isa = PBXFileReference; explicitFileType = wrapper.application; includeInIndex = 0; path = FinalProject.app; sourceTree = BUILT_PRODUCTS_DIR; };
		DEEA477F1BCF78DC00B66015 /* main.m */ = {isa = PBXFileReference; lastKnownFileType = sourcecode.c.objc; path = main.m; sourceTree = "<group>"; };
		DEEA47811BCF78DC00B66015 /* AppDelegate.h */ = {isa = PBXFileReference; lastKnownFileType = sourcecode.c.h; path = AppDelegate.h; sourceTree = "<group>"; };
		DEEA47821BCF78DC00B66015 /* AppDelegate.m */ = {isa = PBXFileReference; lastKnownFileType = sourcecode.c.objc; path = AppDelegate.m; sourceTree = "<group>"; };
		DEEA47841BCF78DC00B66015 /* ViewController.h */ = {isa = PBXFileReference; lastKnownFileType = sourcecode.c.h; path = ViewController.h; sourceTree = "<group>"; };
		DEEA47851BCF78DC00B66015 /* ViewController.m */ = {isa = PBXFileReference; lastKnownFileType = sourcecode.c.objc; path = ViewController.m; sourceTree = "<group>"; };
		DEEA47881BCF78DC00B66015 /* Base */ = {isa = PBXFileReference; lastKnownFileType = file.storyboard; name = Base; path = Base.lproj/Main.storyboard; sourceTree = "<group>"; };
		DEEA478B1BCF78DC00B66015 /* FinalProject.xcdatamodel */ = {isa = PBXFileReference; lastKnownFileType = wrapper.xcdatamodel; path = FinalProject.xcdatamodel; sourceTree = "<group>"; };
		DEEA478D1BCF78DC00B66015 /* Assets.xcassets */ = {isa = PBXFileReference; lastKnownFileType = folder.assetcatalog; path = Assets.xcassets; sourceTree = "<group>"; };
		DEEA47901BCF78DC00B66015 /* Base */ = {isa = PBXFileReference; lastKnownFileType = file.storyboard; name = Base; path = Base.lproj/LaunchScreen.storyboard; sourceTree = "<group>"; };
		DEEA47921BCF78DC00B66015 /* Info.plist */ = {isa = PBXFileReference; lastKnownFileType = text.plist.xml; path = Info.plist; sourceTree = "<group>"; };
		DEEA47981BCFA4AD00B66015 /* PersonViewController.h */ = {isa = PBXFileReference; fileEncoding = 4; lastKnownFileType = sourcecode.c.h; path = PersonViewController.h; sourceTree = "<group>"; };
		DEEA47991BCFA4AD00B66015 /* PersonViewController.m */ = {isa = PBXFileReference; fileEncoding = 4; lastKnownFileType = sourcecode.c.objc; path = PersonViewController.m; sourceTree = "<group>"; };
		DEEA479B1BCFD8A100B66015 /* VoteTableViewController.h */ = {isa = PBXFileReference; fileEncoding = 4; lastKnownFileType = sourcecode.c.h; path = VoteTableViewController.h; sourceTree = "<group>"; };
		DEEA479C1BCFD8A100B66015 /* VoteTableViewController.m */ = {isa = PBXFileReference; fileEncoding = 4; lastKnownFileType = sourcecode.c.objc; path = VoteTableViewController.m; sourceTree = "<group>"; };
/* End PBXFileReference section */

/* Begin PBXFrameworksBuildPhase section */
		DEEA47781BCF78DC00B66015 /* Frameworks */ = {
			isa = PBXFrameworksBuildPhase;
			buildActionMask = 2147483647;
			files = (
				DE98F4931BD0D22000B4EC9E /* FBSDKShareKit.framework in Frameworks */,
				A4F9EF332BDB4D96F5CA3B84 /* libPods.a in Frameworks */,
				DE98F4911BD0D22000B4EC9E /* FBSDKCoreKit.framework in Frameworks */,
				DE98F4921BD0D22000B4EC9E /* FBSDKLoginKit.framework in Frameworks */,
			);
			runOnlyForDeploymentPostprocessing = 0;
		};
/* End PBXFrameworksBuildPhase section */

/* Begin PBXGroup section */
		6F78B114B0FB5132D531A816 /* Frameworks */ = {
			isa = PBXGroup;
			children = (
				692FF9D029172DB0FB183D6B /* libPods.a */,
			);
			name = Frameworks;
			sourceTree = "<group>";
		};
		96D8EB8C48CB1C9C64CD72D8 /* Pods */ = {
			isa = PBXGroup;
			children = (
				3C2A27A6693DE7C7E2EE76B5 /* Pods.debug.xcconfig */,
				66FE8A5B4BBAE471303FF7CE /* Pods.release.xcconfig */,
			);
			name = Pods;
			sourceTree = "<group>";
		};
		DEEA47721BCF78DB00B66015 = {
			isa = PBXGroup;
			children = (
				DE98F48E1BD0D22000B4EC9E /* FBSDKCoreKit.framework */,
				DE98F48F1BD0D22000B4EC9E /* FBSDKLoginKit.framework */,
				DE98F4901BD0D22000B4EC9E /* FBSDKShareKit.framework */,
				DEEA477D1BCF78DC00B66015 /* FinalProject */,
				DEEA477C1BCF78DC00B66015 /* Products */,
				96D8EB8C48CB1C9C64CD72D8 /* Pods */,
				6F78B114B0FB5132D531A816 /* Frameworks */,
			);
			sourceTree = "<group>";
		};
		DEEA477C1BCF78DC00B66015 /* Products */ = {
			isa = PBXGroup;
			children = (
				DEEA477B1BCF78DC00B66015 /* FinalProject.app */,
			);
			name = Products;
			sourceTree = "<group>";
		};
		DEEA477D1BCF78DC00B66015 /* FinalProject */ = {
			isa = PBXGroup;
			children = (
				DEEA47811BCF78DC00B66015 /* AppDelegate.h */,
				DEEA47821BCF78DC00B66015 /* AppDelegate.m */,
				DEEA47841BCF78DC00B66015 /* ViewController.h */,
				DEEA47851BCF78DC00B66015 /* ViewController.m */,
				DEEA47871BCF78DC00B66015 /* Main.storyboard */,
				35BC54CA1BCFC72000632657 /* VotingPageViewController.h */,
				35BC54CB1BCFC72000632657 /* VotingPageViewController.m */,
				35BC54C71BCFC69D00632657 /* LegisCategoryTableViewController.h */,
				35BC54C81BCFC69D00632657 /* LegisCategoryTableViewController.m */,
				35BC54C41BCFA36A00632657 /* VoteViewController.h */,
				35BC54C51BCFA36A00632657 /* VoteViewController.m */,
				DEEA478D1BCF78DC00B66015 /* Assets.xcassets */,
				DEEA478F1BCF78DC00B66015 /* LaunchScreen.storyboard */,
				DEEA47921BCF78DC00B66015 /* Info.plist */,
				DEEA478A1BCF78DC00B66015 /* FinalProject.xcdatamodeld */,
				DEEA477E1BCF78DC00B66015 /* Supporting Files */,
				DEEA47981BCFA4AD00B66015 /* PersonViewController.h */,
				DEEA47991BCFA4AD00B66015 /* PersonViewController.m */,
				DEEA479B1BCFD8A100B66015 /* VoteTableViewController.h */,
				DEEA479C1BCFD8A100B66015 /* VoteTableViewController.m */,
				DE98F4941BD0D4B400B4EC9E /* LoginViewController.h */,
				DE98F4951BD0D4B400B4EC9E /* LoginViewController.m */,
				DE98F4971BD0DD2800B4EC9E /* LoginInfo.h */,
				DE98F4981BD0DD2800B4EC9E /* LoginInfo.m */,
				DE98F49A1BD0EFE500B4EC9E /* MoreViewController.h */,
				DE98F49B1BD0EFE500B4EC9E /* MoreViewController.m */,
				DE98F49D1BD0F7F500B4EC9E /* TabViewController.h */,
				DE98F49E1BD0F7F500B4EC9E /* TabViewController.m */,
			);
			path = FinalProject;
			sourceTree = "<group>";
		};
		DEEA477E1BCF78DC00B66015 /* Supporting Files */ = {
			isa = PBXGroup;
			children = (
				DEEA477F1BCF78DC00B66015 /* main.m */,
			);
			name = "Supporting Files";
			sourceTree = "<group>";
		};
/* End PBXGroup section */

/* Begin PBXNativeTarget section */
		DEEA477A1BCF78DC00B66015 /* FinalProject */ = {
			isa = PBXNativeTarget;
			buildConfigurationList = DEEA47951BCF78DC00B66015 /* Build configuration list for PBXNativeTarget "FinalProject" */;
			buildPhases = (
				FB4F0FCF41BE3AD35999951A /* Check Pods Manifest.lock */,
				DEEA47771BCF78DC00B66015 /* Sources */,
				DEEA47781BCF78DC00B66015 /* Frameworks */,
				DEEA47791BCF78DC00B66015 /* Resources */,
				8F4E61D0BFDD2BE665665F53 /* Embed Pods Frameworks */,
				C4017F731BA45A859AEA9DED /* Copy Pods Resources */,
			);
			buildRules = (
			);
			dependencies = (
			);
			name = FinalProject;
			productName = FinalProject;
			productReference = DEEA477B1BCF78DC00B66015 /* FinalProject.app */;
			productType = "com.apple.product-type.application";
		};
/* End PBXNativeTarget section */

/* Begin PBXProject section */
		DEEA47731BCF78DB00B66015 /* Project object */ = {
			isa = PBXProject;
			attributes = {
				LastUpgradeCheck = 0700;
				ORGANIZATIONNAME = "鄭涵嚴";
				TargetAttributes = {
					DEEA477A1BCF78DC00B66015 = {
						CreatedOnToolsVersion = 7.0.1;
						DevelopmentTeam = 9U5JLSE84B;
					};
				};
			};
			buildConfigurationList = DEEA47761BCF78DB00B66015 /* Build configuration list for PBXProject "FinalProject" */;
			compatibilityVersion = "Xcode 3.2";
			developmentRegion = English;
			hasScannedForEncodings = 0;
			knownRegions = (
				en,
				Base,
			);
			mainGroup = DEEA47721BCF78DB00B66015;
			productRefGroup = DEEA477C1BCF78DC00B66015 /* Products */;
			projectDirPath = "";
			projectRoot = "";
			targets = (
				DEEA477A1BCF78DC00B66015 /* FinalProject */,
			);
		};
/* End PBXProject section */

/* Begin PBXResourcesBuildPhase section */
		DEEA47791BCF78DC00B66015 /* Resources */ = {
			isa = PBXResourcesBuildPhase;
			buildActionMask = 2147483647;
			files = (
				DEEA47911BCF78DC00B66015 /* LaunchScreen.storyboard in Resources */,
				DEEA478E1BCF78DC00B66015 /* Assets.xcassets in Resources */,
				DEEA47891BCF78DC00B66015 /* Main.storyboard in Resources */,
			);
			runOnlyForDeploymentPostprocessing = 0;
		};
/* End PBXResourcesBuildPhase section */

/* Begin PBXShellScriptBuildPhase section */
		8F4E61D0BFDD2BE665665F53 /* Embed Pods Frameworks */ = {
			isa = PBXShellScriptBuildPhase;
			buildActionMask = 2147483647;
			files = (
			);
			inputPaths = (
			);
			name = "Embed Pods Frameworks";
			outputPaths = (
			);
			runOnlyForDeploymentPostprocessing = 0;
			shellPath = /bin/sh;
			shellScript = "\"${SRCROOT}/Pods/Target Support Files/Pods/Pods-frameworks.sh\"\n";
			showEnvVarsInLog = 0;
		};
		C4017F731BA45A859AEA9DED /* Copy Pods Resources */ = {
			isa = PBXShellScriptBuildPhase;
			buildActionMask = 2147483647;
			files = (
			);
			inputPaths = (
			);
			name = "Copy Pods Resources";
			outputPaths = (
			);
			runOnlyForDeploymentPostprocessing = 0;
			shellPath = /bin/sh;
			shellScript = "\"${SRCROOT}/Pods/Target Support Files/Pods/Pods-resources.sh\"\n";
			showEnvVarsInLog = 0;
		};
		FB4F0FCF41BE3AD35999951A /* Check Pods Manifest.lock */ = {
			isa = PBXShellScriptBuildPhase;
			buildActionMask = 2147483647;
			files = (
			);
			inputPaths = (
			);
			name = "Check Pods Manifest.lock";
			outputPaths = (
			);
			runOnlyForDeploymentPostprocessing = 0;
			shellPath = /bin/sh;
			shellScript = "diff \"${PODS_ROOT}/../Podfile.lock\" \"${PODS_ROOT}/Manifest.lock\" > /dev/null\nif [[ $? != 0 ]] ; then\n    cat << EOM\nerror: The sandbox is not in sync with the Podfile.lock. Run 'pod install' or update your CocoaPods installation.\nEOM\n    exit 1\nfi\n";
			showEnvVarsInLog = 0;
		};
/* End PBXShellScriptBuildPhase section */

/* Begin PBXSourcesBuildPhase section */
		DEEA47771BCF78DC00B66015 /* Sources */ = {
			isa = PBXSourcesBuildPhase;
			buildActionMask = 2147483647;
			files = (
				DEEA479A1BCFA4AD00B66015 /* PersonViewController.m in Sources */,
				DE98F49C1BD0EFE500B4EC9E /* MoreViewController.m in Sources */,
				35BC54C91BCFC69D00632657 /* LegisCategoryTableViewController.m in Sources */,
				DEEA47861BCF78DC00B66015 /* ViewController.m in Sources */,
				35BC54CC1BCFC72000632657 /* VotingPageViewController.m in Sources */,
				DE98F4961BD0D4B400B4EC9E /* LoginViewController.m in Sources */,
				DE98F49F1BD0F7F500B4EC9E /* TabViewController.m in Sources */,
				35BC54C61BCFA36A00632657 /* VoteViewController.m in Sources */,
				DE98F4991BD0DD2800B4EC9E /* LoginInfo.m in Sources */,
				DEEA47831BCF78DC00B66015 /* AppDelegate.m in Sources */,
				DEEA478C1BCF78DC00B66015 /* FinalProject.xcdatamodeld in Sources */,
				DEEA47801BCF78DC00B66015 /* main.m in Sources */,
				DEEA479D1BCFD8A100B66015 /* VoteTableViewController.m in Sources */,
			);
			runOnlyForDeploymentPostprocessing = 0;
		};
/* End PBXSourcesBuildPhase section */

/* Begin PBXVariantGroup section */
		DEEA47871BCF78DC00B66015 /* Main.storyboard */ = {
			isa = PBXVariantGroup;
			children = (
				DEEA47881BCF78DC00B66015 /* Base */,
			);
			name = Main.storyboard;
			sourceTree = "<group>";
		};
		DEEA478F1BCF78DC00B66015 /* LaunchScreen.storyboard */ = {
			isa = PBXVariantGroup;
			children = (
				DEEA47901BCF78DC00B66015 /* Base */,
			);
			name = LaunchScreen.storyboard;
			sourceTree = "<group>";
		};
/* End PBXVariantGroup section */

/* Begin XCBuildConfiguration section */
		DEEA47931BCF78DC00B66015 /* Debug */ = {
			isa = XCBuildConfiguration;
			buildSettings = {
				ALWAYS_SEARCH_USER_PATHS = NO;
				CLANG_CXX_LANGUAGE_STANDARD = "gnu++0x";
				CLANG_CXX_LIBRARY = "libc++";
				CLANG_ENABLE_MODULES = YES;
				CLANG_ENABLE_OBJC_ARC = YES;
				CLANG_WARN_BOOL_CONVERSION = YES;
				CLANG_WARN_CONSTANT_CONVERSION = YES;
				CLANG_WARN_DIRECT_OBJC_ISA_USAGE = YES_ERROR;
				CLANG_WARN_EMPTY_BODY = YES;
				CLANG_WARN_ENUM_CONVERSION = YES;
				CLANG_WARN_INT_CONVERSION = YES;
				CLANG_WARN_OBJC_ROOT_CLASS = YES_ERROR;
				CLANG_WARN_UNREACHABLE_CODE = YES;
				CLANG_WARN__DUPLICATE_METHOD_MATCH = YES;
				"CODE_SIGN_IDENTITY[sdk=iphoneos*]" = "iPhone Developer";
				COPY_PHASE_STRIP = NO;
				DEBUG_INFORMATION_FORMAT = dwarf;
				ENABLE_STRICT_OBJC_MSGSEND = YES;
				ENABLE_TESTABILITY = YES;
				GCC_C_LANGUAGE_STANDARD = gnu99;
				GCC_DYNAMIC_NO_PIC = NO;
				GCC_NO_COMMON_BLOCKS = YES;
				GCC_OPTIMIZATION_LEVEL = 0;
				GCC_PREPROCESSOR_DEFINITIONS = (
					"DEBUG=1",
					"$(inherited)",
				);
				GCC_WARN_64_TO_32_BIT_CONVERSION = YES;
				GCC_WARN_ABOUT_RETURN_TYPE = YES_ERROR;
				GCC_WARN_UNDECLARED_SELECTOR = YES;
				GCC_WARN_UNINITIALIZED_AUTOS = YES_AGGRESSIVE;
				GCC_WARN_UNUSED_FUNCTION = YES;
				GCC_WARN_UNUSED_VARIABLE = YES;
				IPHONEOS_DEPLOYMENT_TARGET = 9.0;
				MTL_ENABLE_DEBUG_INFO = YES;
				ONLY_ACTIVE_ARCH = YES;
				SDKROOT = iphoneos;
			};
			name = Debug;
		};
		DEEA47941BCF78DC00B66015 /* Release */ = {
			isa = XCBuildConfiguration;
			buildSettings = {
				ALWAYS_SEARCH_USER_PATHS = NO;
				CLANG_CXX_LANGUAGE_STANDARD = "gnu++0x";
				CLANG_CXX_LIBRARY = "libc++";
				CLANG_ENABLE_MODULES = YES;
				CLANG_ENABLE_OBJC_ARC = YES;
				CLANG_WARN_BOOL_CONVERSION = YES;
				CLANG_WARN_CONSTANT_CONVERSION = YES;
				CLANG_WARN_DIRECT_OBJC_ISA_USAGE = YES_ERROR;
				CLANG_WARN_EMPTY_BODY = YES;
				CLANG_WARN_ENUM_CONVERSION = YES;
				CLANG_WARN_INT_CONVERSION = YES;
				CLANG_WARN_OBJC_ROOT_CLASS = YES_ERROR;
				CLANG_WARN_UNREACHABLE_CODE = YES;
				CLANG_WARN__DUPLICATE_METHOD_MATCH = YES;
				"CODE_SIGN_IDENTITY[sdk=iphoneos*]" = "iPhone Developer";
				COPY_PHASE_STRIP = NO;
				DEBUG_INFORMATION_FORMAT = "dwarf-with-dsym";
				ENABLE_NS_ASSERTIONS = NO;
				ENABLE_STRICT_OBJC_MSGSEND = YES;
				GCC_C_LANGUAGE_STANDARD = gnu99;
				GCC_NO_COMMON_BLOCKS = YES;
				GCC_WARN_64_TO_32_BIT_CONVERSION = YES;
				GCC_WARN_ABOUT_RETURN_TYPE = YES_ERROR;
				GCC_WARN_UNDECLARED_SELECTOR = YES;
				GCC_WARN_UNINITIALIZED_AUTOS = YES_AGGRESSIVE;
				GCC_WARN_UNUSED_FUNCTION = YES;
				GCC_WARN_UNUSED_VARIABLE = YES;
				IPHONEOS_DEPLOYMENT_TARGET = 9.0;
				MTL_ENABLE_DEBUG_INFO = NO;
				SDKROOT = iphoneos;
				VALIDATE_PRODUCT = YES;
			};
			name = Release;
		};
		DEEA47961BCF78DC00B66015 /* Debug */ = {
			isa = XCBuildConfiguration;
			baseConfigurationReference = 3C2A27A6693DE7C7E2EE76B5 /* Pods.debug.xcconfig */;
			buildSettings = {
				ASSETCATALOG_COMPILER_APPICON_NAME = AppIcon;
				"FRAMEWORK_SEARCH_PATHS[arch=*]" = "/Users/chenghanyen/Downloads/FacebookSDKs-iOS-20151007";
				INFOPLIST_FILE = FinalProject/Info.plist;
				LD_RUNPATH_SEARCH_PATHS = "$(inherited) @executable_path/Frameworks";
				PRODUCT_BUNDLE_IDENTIFIER = AC.FinalProject;
				PRODUCT_NAME = "$(TARGET_NAME)";
			};
			name = Debug;
		};
		DEEA47971BCF78DC00B66015 /* Release */ = {
			isa = XCBuildConfiguration;
			baseConfigurationReference = 66FE8A5B4BBAE471303FF7CE /* Pods.release.xcconfig */;
			buildSettings = {
				ASSETCATALOG_COMPILER_APPICON_NAME = AppIcon;
				INFOPLIST_FILE = FinalProject/Info.plist;
				LD_RUNPATH_SEARCH_PATHS = "$(inherited) @executable_path/Frameworks";
				PRODUCT_BUNDLE_IDENTIFIER = AC.FinalProject;
				PRODUCT_NAME = "$(TARGET_NAME)";
			};
			name = Release;
		};
/* End XCBuildConfiguration section */

/* Begin XCConfigurationList section */
		DEEA47761BCF78DB00B66015 /* Build configuration list for PBXProject "FinalProject" */ = {
			isa = XCConfigurationList;
			buildConfigurations = (
				DEEA47931BCF78DC00B66015 /* Debug */,
				DEEA47941BCF78DC00B66015 /* Release */,
			);
			defaultConfigurationIsVisible = 0;
			defaultConfigurationName = Release;
		};
		DEEA47951BCF78DC00B66015 /* Build configuration list for PBXNativeTarget "FinalProject" */ = {
			isa = XCConfigurationList;
			buildConfigurations = (
				DEEA47961BCF78DC00B66015 /* Debug */,
				DEEA47971BCF78DC00B66015 /* Release */,
			);
			defaultConfigurationIsVisible = 0;
			defaultConfigurationName = Release;
		};
/* End XCConfigurationList section */

/* Begin XCVersionGroup section */
		DEEA478A1BCF78DC00B66015 /* FinalProject.xcdatamodeld */ = {
			isa = XCVersionGroup;
			children = (
				DEEA478B1BCF78DC00B66015 /* FinalProject.xcdatamodel */,
			);
			currentVersion = DEEA478B1BCF78DC00B66015 /* FinalProject.xcdatamodel */;
			path = FinalProject.xcdatamodeld;
			sourceTree = "<group>";
			versionGroupType = wrapper.xcdatamodel;
		};
/* End XCVersionGroup section */
	};
	rootObject = DEEA47731BCF78DB00B66015 /* Project object */;
}
